
Microsoft Visual Studio Solution File, Format Version 12.00
# Visual Studio Version 16
VisualStudioVersion = 16.0.30503.244
MinimumVisualStudioVersion = 10.0.40219.1
Project("{FAE04EC0-301F-11D3-BF4B-00C04F79EFBC}") = "ContactManager", "ContactManager\ContactManager.csproj", "{B8703D03-C4B8-4B09-A999-2ACBF56F4528}"
EndProject
Global
	GlobalSection(SolutionConfigurationPlatforms) = preSolution
		Debug|Any CPU = Debug|Any CPU
		Release|Any CPU = Release|Any CPU
	EndGlobalSection
	GlobalSection(ProjectConfigurationPlatforms) = postSolution
		{B8703D03-C4B8-4B09-A999-2ACBF56F4528}.Debug|Any CPU.ActiveCfg = Debug|Any CPU
		{B8703D03-C4B8-4B09-A999-2ACBF56F4528}.Debug|Any CPU.Build.0 = Debug|Any CPU
		{B8703D03-C4B8-4B09-A999-2ACBF56F4528}.Release|Any CPU.ActiveCfg = Release|Any CPU
		{B8703D03-C4B8-4B09-A999-2ACBF56F4528}.Release|Any CPU.Build.0 = Release|Any CPU
	EndGlobalSection
	GlobalSection(SolutionProperties) = preSolution
		HideSolutionNode = FALSE
	EndGlobalSection
	GlobalSection(ExtensibilityGlobals) = postSolution
		SolutionGuid = {AD3431EC-6AAF-4C93-AFBD-0463940D28A1}
	EndGlobalSection
EndGlobal
